
Microsoft Visual Studio Solution File, Format Version 12.00
# Visual Studio 15
VisualStudioVersion = 15.0.27004.2002
MinimumVisualStudioVersion = 10.0.40219.1
Project("{FAE04EC0-301F-11D3-BF4B-00C04F79EFBC}") = "EngEdu", "EngEdu\EngEdu.csproj", "{0EE5912C-7D14-4838-813C-6744773A170A}"
EndProject
Global
	GlobalSection(SolutionConfigurationPlatforms) = preSolution
		Debug|Any CPU = Debug|Any CPU
		Release|Any CPU = Release|Any CPU
	EndGlobalSection
	GlobalSection(ProjectConfigurationPlatforms) = postSolution
		{0EE5912C-7D14-4838-813C-6744773A170A}.Debug|Any CPU.ActiveCfg = Debug|Any CPU
		{0EE5912C-7D14-4838-813C-6744773A170A}.Debug|Any CPU.Build.0 = Debug|Any CPU
		{0EE5912C-7D14-4838-813C-6744773A170A}.Release|Any CPU.ActiveCfg = Release|Any CPU
		{0EE5912C-7D14-4838-813C-6744773A170A}.Release|Any CPU.Build.0 = Release|Any CPU
	EndGlobalSection
	GlobalSection(SolutionProperties) = preSolution
		HideSolutionNode = FALSE
	EndGlobalSection
	GlobalSection(ExtensibilityGlobals) = postSolution
		SolutionGuid = {82068C3C-8199-4411-BFEE-AD91CFEF5F46}
	EndGlobalSection
EndGlobal
